<?xml version="1.0" encoding="utf-8"?>
<Project ToolsVersion="4.0" xmlns="http://schemas.microsoft.com/developer/msbuild/2003">
  <ItemGroup>
    <Filter Include="源文件">
      <UniqueIdentifier>{4FC737F1-C7A5-4376-A066-2A32D752A2FF}</UniqueIdentifier>
      <Extensions>cpp;c;cc;cxx;def;odl;idl;hpj;bat;asm;asmx</Extensions>
    </Filter>
    <Filter Include="头文件">
      <UniqueIdentifier>{93995380-89BD-4b04-88EB-625FBE52EBFB}</UniqueIdentifier>
      <Extensions>h;hh;hpp;hxx;hm;inl;inc;xsd</Extensions>
    </Filter>
    <Filter Include="资源文件">
      <UniqueIdentifier>{67DA6AB6-F800-4c08-8B7A-83BB121AAD01}</UniqueIdentifier>
      <Extensions>rc;ico;cur;bmp;dlg;rc2;rct;bin;rgs;gif;jpg;jpeg;jpe;resx;tiff;tif;png;wav;mfcribbon-ms</Extensions>
    </Filter>
  </ItemGroup>
  <ItemGroup>
    <Text Include="ReadMe.txt" />
  </ItemGroup>
  <ItemGroup>
    <ClInclude Include="Animation.h">
      <Filter>头文件</Filter>
    </ClInclude>
    <ClInclude Include="stdafx.h">
      <Filter>头文件</Filter>
    </ClInclude>
    <ClInclude Include="targetver.h">
      <Filter>头文件</Filter>
    </ClInclude>
    <ClInclude Include="MainFrm.h">
      <Filter>头文件</Filter>
    </ClInclude>
    <ClInclude Include="AnimationDoc.h">
      <Filter>头文件</Filter>
    </ClInclude>
    <ClInclude Include="AnimationView.h">
      <Filter>头文件</Filter>
    </ClInclude>
    <ClInclude Include="Resource.h">
      <Filter>头文件</Filter>
    </ClInclude>
    <ClInclude Include="FileView.h">
      <Filter>头文件</Filter>
    </ClInclude>
    <ClInclude Include="ClassView.h">
      <Filter>头文件</Filter>
    </ClInclude>
    <ClInclude Include="ViewTree.h">
      <Filter>头文件</Filter>
    </ClInclude>
    <ClInclude Include="OutputWnd.h">
      <Filter>头文件</Filter>
    </ClInclude>
    <ClInclude Include="PropertiesWnd.h">
      <Filter>头文件</Filter>
    </ClInclude>
  </ItemGroup>
  <ItemGroup>
    <ClCompile Include="Animation.cpp">
      <Filter>源文件</Filter>
    </ClCompile>
    <ClCompile Include="stdafx.cpp">
      <Filter>源文件</Filter>
    </ClCompile>
    <ClCompile Include="MainFrm.cpp">
      <Filter>源文件</Filter>
    </ClCompile>
    <ClCompile Include="AnimationDoc.cpp">
      <Filter>源文件</Filter>
    </ClCompile>
    <ClCompile Include="AnimationView.cpp">
      <Filter>源文件</Filter>
    </ClCompile>
    <ClCompile Include="FileView.cpp">
      <Filter>源文件</Filter>
    </ClCompile>
    <ClCompile Include="ClassView.cpp">
      <Filter>源文件</Filter>
    </ClCompile>
    <ClCompile Include="ViewTree.cpp">
      <Filter>源文件</Filter>
    </ClCompile>
    <ClCompile Include="OutputWnd.cpp">
      <Filter>源文件</Filter>
    </ClCompile>
    <ClCompile Include="PropertiesWnd.cpp">
      <Filter>源文件</Filter>
    </ClCompile>
  </ItemGroup>
  <ItemGroup>
    <ResourceCompile Include="Animation.rc">
      <Filter>资源文件</Filter>
    </ResourceCompile>
  </ItemGroup>
  <ItemGroup>
    <Image Include="res\file_view.ico">
      <Filter>资源文件</Filter>
    </Image>
    <Image Include="res\file_view_hc.ico">
      <Filter>资源文件</Filter>
    </Image>
    <Image Include="res\class_view.ico">
      <Filter>资源文件</Filter>
    </Image>
    <Image Include="res\class_view_hc.ico">
      <Filter>资源文件</Filter>
    </Image>
    <Image Include="res\fileview.bmp">
      <Filter>资源文件</Filter>
    </Image>
    <Image Include="res\fileview_hc.bmp">
      <Filter>资源文件</Filter>
    </Image>
    <Image Include="res\classview.bmp">
      <Filter>资源文件</Filter>
    </Image>
    <Image Include="res\classview_hc.bmp">
      <Filter>资源文件</Filter>
    </Image>
    <Image Include="res\explorer.bmp">
      <Filter>资源文件</Filter>
    </Image>
    <Image Include="res\explorer_hc.bmp">
      <Filter>资源文件</Filter>
    </Image>
    <Image Include="res\sort.bmp">
      <Filter>资源文件</Filter>
    </Image>
    <Image Include="res\sort_hc.bmp">
      <Filter>资源文件</Filter>
    </Image>
    <Image Include="res\menuimages.bmp">
      <Filter>资源文件</Filter>
    </Image>
    <Image Include="res\menuimages_hc.bmp">
      <Filter>资源文件</Filter>
    </Image>
    <Image Include="res\output_wnd.ico">
      <Filter>资源文件</Filter>
    </Image>
    <Image Include="res\output_wnd_hc.ico">
      <Filter>资源文件</Filter>
    </Image>
    <Image Include="res\properties_wnd.ico">
      <Filter>资源文件</Filter>
    </Image>
    <Image Include="res\properties_wnd_hc.ico">
      <Filter>资源文件</Filter>
    </Image>
    <Image Include="res\properties.bmp">
      <Filter>资源文件</Filter>
    </Image>
    <Image Include="res\properties_hc.bmp">
      <Filter>资源文件</Filter>
    </Image>
    <Image Include="UserImages.bmp">
      <Filter>资源文件</Filter>
    </Image>
    <Image Include="res\AnimationDoc.ico">
      <Filter>资源文件</Filter>
    </Image>
    <Image Include="res\Animation.ico">
      <Filter>资源文件</Filter>
    </Image>
    <Image Include="res\Toolbar.bmp">
      <Filter>资源文件</Filter>
    </Image>
    <Image Include="res\Toolbar256.bmp">
      <Filter>资源文件</Filter>
    </Image>
    <Image Include="res\bitmap1.bmp">
      <Filter>资源文件</Filter>
    </Image>
    <Image Include="C:\Users\admin\Desktop\游戏开发\动图资源\zhaoxi\2018052220492949352.bmp_0.bmp">
      <Filter>资源文件</Filter>
    </Image>
    <Image Include="C:\Users\admin\Desktop\游戏开发\动图资源\zhaoxi\2018052220492949352.bmp_1.bmp">
      <Filter>资源文件</Filter>
    </Image>
    <Image Include="C:\Users\admin\Desktop\游戏开发\动图资源\zhaoxi\2018052220492949352.bmp_2.bmp">
      <Filter>资源文件</Filter>
    </Image>
    <Image Include="C:\Users\admin\Desktop\游戏开发\动图资源\zhaoxi\2018052220492949352.bmp_3.bmp">
      <Filter>资源文件</Filter>
    </Image>
    <Image Include="C:\Users\admin\Desktop\游戏开发\动图资源\zhaoxi\2018052220492949352.bmp_4.bmp">
      <Filter>资源文件</Filter>
    </Image>
    <Image Include="C:\Users\admin\Desktop\游戏开发\动图资源\zhaoxi\2018052220492949352.bmp_5.bmp">
      <Filter>资源文件</Filter>
    </Image>
    <Image Include="C:\Users\admin\Desktop\游戏开发\动图资源\zhaoxi\2018052220492949352.bmp_6.bmp">
      <Filter>资源文件</Filter>
    </Image>
    <Image Include="C:\Users\admin\Desktop\游戏开发\动图资源\zhaoxi\2018052220492949352.bmp_7.bmp">
      <Filter>资源文件</Filter>
    </Image>
    <Image Include="C:\Users\admin\Desktop\游戏开发\动图资源\zhaoxi\2018052220492949352.bmp_8.bmp">
      <Filter>资源文件</Filter>
    </Image>
    <Image Include="C:\Users\admin\Desktop\游戏开发\动图资源\zhaoxi\2018052220492949352.bmp_9.bmp">
      <Filter>资源文件</Filter>
    </Image>
    <Image Include="C:\Users\admin\Desktop\游戏开发\动图资源\zhaoxi\2018052220492949352.bmp_10.bmp">
      <Filter>资源文件</Filter>
    </Image>
    <Image Include="C:\Users\admin\Desktop\游戏开发\动图资源\zhaoxi\2018052220492949352.bmp_11.bmp">
      <Filter>资源文件</Filter>
    </Image>
    <Image Include="C:\Users\admin\Desktop\游戏开发\动图资源\zhaoxi\2018052220492949352.bmp_12.bmp">
      <Filter>资源文件</Filter>
    </Image>
    <Image Include="C:\Users\admin\Desktop\游戏开发\动图资源\zhaoxi\2018052220492949352.bmp_13.bmp">
      <Filter>资源文件</Filter>
    </Image>
    <Image Include="C:\Users\admin\Desktop\游戏开发\动图资源\zhaoxi\2018052220492949352.bmp_14.bmp">
      <Filter>资源文件</Filter>
    </Image>
    <Image Include="C:\Users\admin\Desktop\游戏开发\动图资源\zhaoxi\2018052220492949352.bmp_15.bmp">
      <Filter>资源文件</Filter>
    </Image>
    <Image Include="C:\Users\admin\Desktop\游戏开发\动图资源\zhaoxi\2018052220492949352.bmp_16.bmp">
      <Filter>资源文件</Filter>
    </Image>
    <Image Include="C:\Users\admin\Desktop\游戏开发\动图资源\zhaoxi\2018052220492949352.bmp_17.bmp">
      <Filter>资源文件</Filter>
    </Image>
    <Image Include="C:\Users\admin\Desktop\游戏开发\动图资源\zhaoxi\2018052220492949352.bmp_18.bmp">
      <Filter>资源文件</Filter>
    </Image>
    <Image Include="C:\Users\admin\Desktop\游戏开发\动图资源\zhaoxi\2018052220492949352.bmp_19.bmp">
      <Filter>资源文件</Filter>
    </Image>
    <Image Include="C:\Users\admin\Desktop\游戏开发\动图资源\zhaoxi\2018052220492949352.bmp_20.bmp">
      <Filter>资源文件</Filter>
    </Image>
    <Image Include="C:\Users\admin\Desktop\游戏开发\动图资源\zhaoxi\2018052220492949352.bmp_21.bmp">
      <Filter>资源文件</Filter>
    </Image>
    <Image Include="C:\Users\admin\Desktop\游戏开发\动图资源\zhaoxi\2018052220492949352.bmp_22.bmp">
      <Filter>资源文件</Filter>
    </Image>
    <Image Include="C:\Users\admin\Desktop\游戏开发\动图资源\zhaoxi\2018052220492949352.bmp_23.bmp">
      <Filter>资源文件</Filter>
    </Image>
    <Image Include="C:\Users\admin\Desktop\游戏开发\动图资源\zhaoxi\2018052220492949352.bmp_24.bmp">
      <Filter>资源文件</Filter>
    </Image>
    <Image Include="C:\Users\admin\Desktop\游戏开发\动图资源\zhaoxi\2018052220492949352.bmp_25.bmp">
      <Filter>资源文件</Filter>
    </Image>
    <Image Include="C:\Users\admin\Desktop\游戏开发\动图资源\zhaoxi\2018052220492949352.bmp_26.bmp">
      <Filter>资源文件</Filter>
    </Image>
    <Image Include="C:\Users\admin\Desktop\游戏开发\动图资源\zhaoxi\2018052220492949352.bmp_27.bmp">
      <Filter>资源文件</Filter>
    </Image>
    <Image Include="C:\Users\admin\Desktop\游戏开发\动图资源\zhaoxi\2018052220492949352.bmp_28.bmp">
      <Filter>资源文件</Filter>
    </Image>
    <Image Include="C:\Users\admin\Desktop\游戏开发\动图资源\zhaoxi\2018052220492949352.bmp_29.bmp">
      <Filter>资源文件</Filter>
    </Image>
    <Image Include="C:\Users\admin\Desktop\游戏开发\动图资源\zhaoxi\2018052220492949352.bmp_30.bmp">
      <Filter>资源文件</Filter>
    </Image>
    <Image Include="C:\Users\admin\Desktop\游戏开发\bmp格式资源\2018052220492949352.bmp_0.bmp">
      <Filter>资源文件</Filter>
    </Image>
    <Image Include="C:\Users\admin\Desktop\游戏开发\bmp格式资源\2018052220492949352.bmp_1 - 副本.bmp">
      <Filter>资源文件</Filter>
    </Image>
    <Image Include="C:\Users\admin\Desktop\游戏开发\bmp格式资源\2018052220492949352.bmp_1.bmp">
      <Filter>资源文件</Filter>
    </Image>
    <Image Include="C:\Users\admin\Desktop\游戏开发\bmp格式资源\2018052220492949352.bmp_2 - 副本.bmp">
      <Filter>资源文件</Filter>
    </Image>
    <Image Include="C:\Users\admin\Desktop\游戏开发\bmp格式资源\2018052220492949352.bmp_2.bmp">
      <Filter>资源文件</Filter>
    </Image>
    <Image Include="C:\Users\admin\Desktop\游戏开发\bmp格式资源\2018052220492949352.bmp_3 - 副本.bmp">
      <Filter>资源文件</Filter>
    </Image>
    <Image Include="C:\Users\admin\Desktop\游戏开发\bmp格式资源\2018052220492949352.bmp_3.bmp">
      <Filter>资源文件</Filter>
    </Image>
    <Image Include="C:\Users\admin\Desktop\游戏开发\bmp格式资源\2018052220492949352.bmp_4 - 副本.bmp">
      <Filter>资源文件</Filter>
    </Image>
    <Image Include="C:\Users\admin\Desktop\游戏开发\bmp格式资源\2018052220492949352.bmp_4.bmp">
      <Filter>资源文件</Filter>
    </Image>
    <Image Include="C:\Users\admin\Desktop\游戏开发\bmp格式资源\2018052220492949352.bmp_5 - 副本.bmp">
      <Filter>资源文件</Filter>
    </Image>
    <Image Include="C:\Users\admin\Desktop\游戏开发\bmp格式资源\2018052220492949352.bmp_5.bmp">
      <Filter>资源文件</Filter>
    </Image>
    <Image Include="C:\Users\admin\Desktop\游戏开发\bmp格式资源\2018052220492949352.bmp_6 - 副本.bmp">
      <Filter>资源文件</Filter>
    </Image>
    <Image Include="C:\Users\admin\Desktop\游戏开发\bmp格式资源\2018052220492949352.bmp_6.bmp">
      <Filter>资源文件</Filter>
    </Image>
    <Image Include="C:\Users\admin\Desktop\游戏开发\bmp格式资源\2018052220492949352.bmp_7.bmp">
      <Filter>资源文件</Filter>
    </Image>
    <Image Include="C:\Users\admin\Desktop\游戏开发\bmp格式资源\2018052220492949352.bmp_8.bmp">
      <Filter>资源文件</Filter>
    </Image>
    <Image Include="C:\Users\admin\Desktop\游戏开发\bmp格式资源\2018052220492949352.bmp_9.bmp">
      <Filter>资源文件</Filter>
    </Image>
    <Image Include="C:\Users\admin\Desktop\游戏开发\bmp格式资源\2018052220492949352.bmp_10.bmp">
      <Filter>资源文件</Filter>
    </Image>
    <Image Include="C:\Users\admin\Desktop\游戏开发\bmp格式资源\2018052220492949352.bmp_11.bmp">
      <Filter>资源文件</Filter>
    </Image>
    <Image Include="C:\Users\admin\Desktop\游戏开发\bmp格式资源\2018052220492949352.bmp_12.bmp">
      <Filter>资源文件</Filter>
    </Image>
    <Image Include="C:\Users\admin\Desktop\游戏开发\bmp格式资源\2018052220492949352.bmp_13 - 副本.bmp">
      <Filter>资源文件</Filter>
    </Image>
    <Image Include="C:\Users\admin\Desktop\游戏开发\bmp格式资源\2018052220492949352.bmp_13.bmp">
      <Filter>资源文件</Filter>
    </Image>
    <Image Include="C:\Users\admin\Desktop\游戏开发\bmp格式资源\2018052220492949352.bmp_14.bmp">
      <Filter>资源文件</Filter>
    </Image>
    <Image Include="C:\Users\admin\Desktop\游戏开发\bmp格式资源\2018052220492949352.bmp_15.bmp">
      <Filter>资源文件</Filter>
    </Image>
    <Image Include="C:\Users\admin\Desktop\游戏开发\bmp格式资源\2018052220492949352.bmp_16.bmp">
      <Filter>资源文件</Filter>
    </Image>
    <Image Include="C:\Users\admin\Desktop\游戏开发\bmp格式资源\2018052220492949352.bmp_17.bmp">
      <Filter>资源文件</Filter>
    </Image>
    <Image Include="C:\Users\admin\Desktop\游戏开发\bmp格式资源\2018052220492949352.bmp_18.bmp">
      <Filter>资源文件</Filter>
    </Image>
    <Image Include="C:\Users\admin\Desktop\游戏开发\bmp格式资源\2018052220492949352.bmp_19.bmp">
      <Filter>资源文件</Filter>
    </Image>
    <Image Include="C:\Users\admin\Desktop\游戏开发\bmp格式资源\2018052220492949352.bmp_20.bmp">
      <Filter>资源文件</Filter>
    </Image>
    <Image Include="C:\Users\admin\Desktop\游戏开发\bmp格式资源\2018052220492949352.bmp_21.bmp">
      <Filter>资源文件</Filter>
    </Image>
    <Image Include="C:\Users\admin\Desktop\游戏开发\bmp格式资源\2018052220492949352.bmp_22.bmp">
      <Filter>资源文件</Filter>
    </Image>
    <Image Include="C:\Users\admin\Desktop\游戏开发\bmp格式资源\2018052220492949352.bmp_23.bmp">
      <Filter>资源文件</Filter>
    </Image>
    <Image Include="C:\Users\admin\Desktop\游戏开发\bmp格式资源\2018052220492949352.bmp_24.bmp">
      <Filter>资源文件</Filter>
    </Image>
    <Image Include="C:\Users\admin\Desktop\游戏开发\bmp格式资源\2018052220492949352.bmp_25.bmp">
      <Filter>资源文件</Filter>
    </Image>
    <Image Include="C:\Users\admin\Desktop\游戏开发\bmp格式资源\2018052220492949352.bmp_26.bmp">
      <Filter>资源文件</Filter>
    </Image>
    <Image Include="C:\Users\admin\Desktop\游戏开发\bmp格式资源\2018052220492949352.bmp_27.bmp">
      <Filter>资源文件</Filter>
    </Image>
    <Image Include="C:\Users\admin\Desktop\游戏开发\bmp格式资源\2018052220492949352.bmp_28.bmp">
      <Filter>资源文件</Filter>
    </Image>
    <Image Include="C:\Users\admin\Desktop\游戏开发\bmp格式资源\2018052220492949352.bmp_29.bmp">
      <Filter>资源文件</Filter>
    </Image>
    <Image Include="C:\Users\admin\Desktop\游戏开发\bmp格式资源\2018052220492949352.bmp_30.bmp">
      <Filter>资源文件</Filter>
    </Image>
  </ItemGroup>
  <ItemGroup>
    <None Include="res\Animation.rc2">
      <Filter>资源文件</Filter>
    </None>
  </ItemGroup>
</Project>